
Microsoft Visual Studio Solution File, Format Version 12.00
# Visual Studio Version 16
VisualStudioVersion = 25.0.1706.4
MinimumVisualStudioVersion = 10.0.40219.1
Project("{FAE04EC0-301F-11D3-BF4B-00C04F79EFBC}") = "Week14OOP", "Week14OOP\Week14OOP.csproj", "{D6D70373-4E25-4E0C-AD0D-B42888563681}"
EndProject
Global
	GlobalSection(SolutionConfigurationPlatforms) = preSolution
		Debug|Any CPU = Debug|Any CPU
		Release|Any CPU = Release|Any CPU
	EndGlobalSection
	GlobalSection(ProjectConfigurationPlatforms) = postSolution
		{D6D70373-4E25-4E0C-AD0D-B42888563681}.Debug|Any CPU.ActiveCfg = Debug|Any CPU
		{D6D70373-4E25-4E0C-AD0D-B42888563681}.Debug|Any CPU.Build.0 = Debug|Any CPU
		{D6D70373-4E25-4E0C-AD0D-B42888563681}.Release|Any CPU.ActiveCfg = Release|Any CPU
		{D6D70373-4E25-4E0C-AD0D-B42888563681}.Release|Any CPU.Build.0 = Release|Any CPU
	EndGlobalSection
	GlobalSection(SolutionProperties) = preSolution
		HideSolutionNode = FALSE
	EndGlobalSection
	GlobalSection(ExtensibilityGlobals) = postSolution
		SolutionGuid = {B544B90D-574F-44B8-9B8A-61D4A1D3FD07}
	EndGlobalSection
EndGlobal
